
Microsoft Visual Studio Solution File, Format Version 12.00
# Visual Studio Version 17
VisualStudioVersion = 17.10.35122.118
MinimumVisualStudioVersion = 10.0.40219.1
Project("{FAE04EC0-301F-11D3-BF4B-00C04F79EFBC}") = "DS-4_Lab-3", "DS-4_Lab-3.csproj", "{EA1729A1-9CC6-4DEE-8953-C7C9D818174A}"
EndProject
Global
	GlobalSection(SolutionConfigurationPlatforms) = preSolution
		Debug|Any CPU = Debug|Any CPU
		Release|Any CPU = Release|Any CPU
	EndGlobalSection
	GlobalSection(ProjectConfigurationPlatforms) = postSolution
		{EA1729A1-9CC6-4DEE-8953-C7C9D818174A}.Debug|Any CPU.ActiveCfg = Debug|Any CPU
		{EA1729A1-9CC6-4DEE-8953-C7C9D818174A}.Debug|Any CPU.Build.0 = Debug|Any CPU
		{EA1729A1-9CC6-4DEE-8953-C7C9D818174A}.Release|Any CPU.ActiveCfg = Release|Any CPU
		{EA1729A1-9CC6-4DEE-8953-C7C9D818174A}.Release|Any CPU.Build.0 = Release|Any CPU
	EndGlobalSection
	GlobalSection(SolutionProperties) = preSolution
		HideSolutionNode = FALSE
	EndGlobalSection
	GlobalSection(ExtensibilityGlobals) = postSolution
		SolutionGuid = {AC3ABD26-8C2F-4DD0-A717-05DFAE4CC274}
	EndGlobalSection
EndGlobal
